<?xml version="1.0" encoding="utf-8"?>
<Project ToolsVersion="4.0" xmlns="http://schemas.microsoft.com/developer/msbuild/2003">
  <ItemGroup>
    <Filter Include="Source files">
      <UniqueIdentifier>{4FC737F1-C7A5-4376-A066-2A32D752A2FF}</UniqueIdentifier>
      <Extensions>cpp;c;cc;cxx;def;odl;idl;hpj;bat;asm;asmx</Extensions>
    </Filter>
    <Filter Include="Header files">
      <UniqueIdentifier>{93995380-89BD-4b04-88EB-625FBE52EBFB}</UniqueIdentifier>
      <Extensions>h;hh;hpp;hxx;hm;inl;inc;ipp;xsd</Extensions>
    </Filter>
    <Filter Include="Resources">
      <UniqueIdentifier>{67DA6AB6-F800-4c08-8B7A-83BB121AAD01}</UniqueIdentifier>
      <Extensions>rc;ico;cur;bmp;dlg;rc2;rct;bin;rgs;gif;jpg;jpeg;jpe;resx;tiff;tif;png;wav;mfcribbon-ms</Extensions>
    </Filter>
    <Filter Include="Source files\Shell">
      <UniqueIdentifier>{e3650b8e-90bc-4753-9d52-e012c26f5ca0}</UniqueIdentifier>
    </Filter>
    <Filter Include="Source files\GP">
      <UniqueIdentifier>{bd144278-fb92-445c-8f4a-1c13a2c16072}</UniqueIdentifier>
    </Filter>
    <Filter Include="Source files\PCSC">
      <UniqueIdentifier>{7b35609a-a7b2-480b-8825-9e692e971ea2}</UniqueIdentifier>
    </Filter>
    <Filter Include="Source files\mbedtls">
      <UniqueIdentifier>{5f9b47c9-c9e2-4a9e-85d8-faf003cd3bfa}</UniqueIdentifier>
    </Filter>
    <Filter Include="Source files\mbed">
      <UniqueIdentifier>{13d738d2-e582-4fa5-b4dc-2bd8c0ee7953}</UniqueIdentifier>
    </Filter>
    <Filter Include="Source files\esim">
      <UniqueIdentifier>{98701625-e40f-4234-b8f2-15d62b836314}</UniqueIdentifier>
    </Filter>
  </ItemGroup>
  <ItemGroup>
    <ClCompile Include="shell\main.c">
      <Filter>Source files</Filter>
    </ClCompile>
    <ClCompile Include="shell\tools.c">
      <Filter>Source files</Filter>
    </ClCompile>
    <ClCompile Include="shell\version.c">
      <Filter>Source files</Filter>
    </ClCompile>
    <ClCompile Include="shell\commands.c">
      <Filter>Source files\Shell</Filter>
    </ClCompile>
    <ClCompile Include="shell\shell.c">
      <Filter>Source files\Shell</Filter>
    </ClCompile>
    <ClCompile Include="pcsc\pcscwrap.c">
      <Filter>Source files\PCSC</Filter>
    </ClCompile>
    <ClCompile Include="gp\globalplatform.c">
      <Filter>Source files\GP</Filter>
    </ClCompile>
    <ClCompile Include="gp\scp02.c">
      <Filter>Source files\GP</Filter>
    </ClCompile>
    <ClCompile Include="gp\securechannel.c">
      <Filter>Source files\GP</Filter>
    </ClCompile>
    <ClCompile Include="gp\scp03.c">
      <Filter>Source files\GP</Filter>
    </ClCompile>
    <ClCompile Include="gp\scp11.c">
      <Filter>Source files\GP</Filter>
    </ClCompile>
    <ClCompile Include="..\Lib\mbedtls-development\library\aes.c">
      <Filter>Source files\mbedtls</Filter>
    </ClCompile>
    <ClCompile Include="..\Lib\mbedtls-development\library\aesni.c">
      <Filter>Source files\mbedtls</Filter>
    </ClCompile>
    <ClCompile Include="..\Lib\mbedtls-development\library\aria.c">
      <Filter>Source files\mbedtls</Filter>
    </ClCompile>
    <ClCompile Include="..\Lib\mbedtls-development\library\asn1parse.c">
      <Filter>Source files\mbedtls</Filter>
    </ClCompile>
    <ClCompile Include="..\Lib\mbedtls-development\library\asn1write.c">
      <Filter>Source files\mbedtls</Filter>
    </ClCompile>
    <ClCompile Include="..\Lib\mbedtls-development\library\bignum.c">
      <Filter>Source files\mbedtls</Filter>
    </ClCompile>
    <ClCompile Include="..\Lib\mbedtls-development\library\bignum_core.c">
      <Filter>Source files\mbedtls</Filter>
    </ClCompile>
    <ClCompile Include="..\Lib\mbedtls-development\library\camellia.c">
      <Filter>Source files\mbedtls</Filter>
    </ClCompile>
    <ClCompile Include="..\Lib\mbedtls-development\library\chacha20.c">
      <Filter>Source files\mbedtls</Filter>
    </ClCompile>
    <ClCompile Include="..\Lib\mbedtls-development\library\chachapoly.c">
      <Filter>Source files\mbedtls</Filter>
    </ClCompile>
    <ClCompile Include="..\Lib\mbedtls-development\library\cipher.c">
      <Filter>Source files\mbedtls</Filter>
    </ClCompile>
    <ClCompile Include="..\Lib\mbedtls-development\library\cipher_wrap.c">
      <Filter>Source files\mbedtls</Filter>
    </ClCompile>
    <ClCompile Include="..\Lib\mbedtls-development\library\cmac.c">
      <Filter>Source files\mbedtls</Filter>
    </ClCompile>
    <ClCompile Include="..\Lib\mbedtls-development\library\constant_time.c">
      <Filter>Source files\mbedtls</Filter>
    </ClCompile>
    <ClCompile Include="..\Lib\mbedtls-development\library\ctr_drbg.c">
      <Filter>Source files\mbedtls</Filter>
    </ClCompile>
    <ClCompile Include="..\Lib\mbedtls-development\library\des.c">
      <Filter>Source files\mbedtls</Filter>
    </ClCompile>
    <ClCompile Include="..\Lib\mbedtls-development\library\ecdh.c">
      <Filter>Source files\mbedtls</Filter>
    </ClCompile>
    <ClCompile Include="..\Lib\mbedtls-development\library\ecdsa.c">
      <Filter>Source files\mbedtls</Filter>
    </ClCompile>
    <ClCompile Include="..\Lib\mbedtls-development\library\ecp.c">
      <Filter>Source files\mbedtls</Filter>
    </ClCompile>
    <ClCompile Include="..\Lib\mbedtls-development\library\ecp_curves.c">
      <Filter>Source files\mbedtls</Filter>
    </ClCompile>
    <ClCompile Include="..\Lib\mbedtls-development\library\hmac_drbg.c">
      <Filter>Source files\mbedtls</Filter>
    </ClCompile>
    <ClCompile Include="..\Lib\mbedtls-development\library\md.c">
      <Filter>Source files\mbedtls</Filter>
    </ClCompile>
    <ClCompile Include="..\Lib\mbedtls-development\library\md5.c">
      <Filter>Source files\mbedtls</Filter>
    </ClCompile>
    <ClCompile Include="..\Lib\mbedtls-development\library\nist_kw.c">
      <Filter>Source files\mbedtls</Filter>
    </ClCompile>
    <ClCompile Include="..\Lib\mbedtls-development\library\platform_util.c">
      <Filter>Source files\mbedtls</Filter>
    </ClCompile>
    <ClCompile Include="..\Lib\mbedtls-development\library\poly1305.c">
      <Filter>Source files\mbedtls</Filter>
    </ClCompile>
    <ClCompile Include="..\Lib\mbedtls-development\library\psa_util.c">
      <Filter>Source files\mbedtls</Filter>
    </ClCompile>
    <ClCompile Include="..\Lib\mbedtls-development\library\ripemd160.c">
      <Filter>Source files\mbedtls</Filter>
    </ClCompile>
    <ClCompile Include="..\Lib\mbedtls-development\library\sha1.c">
      <Filter>Source files\mbedtls</Filter>
    </ClCompile>
    <ClCompile Include="..\Lib\mbedtls-development\library\sha3.c">
      <Filter>Source files\mbedtls</Filter>
    </ClCompile>
    <ClCompile Include="..\Lib\mbedtls-development\library\sha256.c">
      <Filter>Source files\mbedtls</Filter>
    </ClCompile>
    <ClCompile Include="..\Lib\mbedtls-development\library\sha512.c">
      <Filter>Source files\mbedtls</Filter>
    </ClCompile>
    <ClCompile Include="mbed\hal_aes.c">
      <Filter>Source files\mbed</Filter>
    </ClCompile>
    <ClCompile Include="mbed\hal_des.c">
      <Filter>Source files\mbed</Filter>
    </ClCompile>
    <ClCompile Include="mbed\mbedtests.c">
      <Filter>Source files\mbed</Filter>
    </ClCompile>
    <ClCompile Include="mbed\mbedwrap.c">
      <Filter>Source files\mbed</Filter>
    </ClCompile>
    <ClCompile Include="gp\sw.c">
      <Filter>Source files\GP</Filter>
    </ClCompile>
    <ClCompile Include="gp\keys.c">
      <Filter>Source files\GP</Filter>
    </ClCompile>
    <ClCompile Include="gp\getstatus.c">
      <Filter>Source files\GP</Filter>
    </ClCompile>
    <ClCompile Include="pcsc\iso7816.c">
      <Filter>Source files\PCSC</Filter>
    </ClCompile>
    <ClCompile Include="gsma\euicc.c">
      <Filter>Source files\esim</Filter>
    </ClCompile>
    <ClCompile Include="shell\vars.c">
      <Filter>Source files\Shell</Filter>
    </ClCompile>
  </ItemGroup>
  <ItemGroup>
    <ClInclude Include="shell\commands.h">
      <Filter>Header files</Filter>
    </ClInclude>
    <ClInclude Include="shell\shell.h">
      <Filter>Header files</Filter>
    </ClInclude>
    <ClInclude Include="shell\tools.h">
      <Filter>Header files</Filter>
    </ClInclude>
    <ClInclude Include="shell\version.h">
      <Filter>Header files</Filter>
    </ClInclude>
    <ClInclude Include="gp\globalplatform.h">
      <Filter>Header files</Filter>
    </ClInclude>
    <ClInclude Include="gp\gp.h">
      <Filter>Header files</Filter>
    </ClInclude>
    <ClInclude Include="gp\scp02.h">
      <Filter>Header files</Filter>
    </ClInclude>
    <ClInclude Include="gp\scp03.h">
      <Filter>Header files</Filter>
    </ClInclude>
    <ClInclude Include="gp\scp11.h">
      <Filter>Header files</Filter>
    </ClInclude>
    <ClInclude Include="pcsc\pcscwrap.h">
      <Filter>Source files\PCSC</Filter>
    </ClInclude>
  </ItemGroup>
</Project>